
Microsoft Visual Studio Solution File, Format Version 12.00
# Visual Studio Version 17
VisualStudioVersion = 17.4.33213.308
MinimumVisualStudioVersion = 10.0.40219.1
Project("{FAE04EC0-301F-11D3-BF4B-00C04F79EFBC}") = "Кубик рубика", "Кубик рубика.csproj", "{275801D6-B91A-4395-AD0D-B97C23544018}"
EndProject
Global
	GlobalSection(SolutionConfigurationPlatforms) = preSolution
		Debug|Any CPU = Debug|Any CPU
		Release|Any CPU = Release|Any CPU
	EndGlobalSection
	GlobalSection(ProjectConfigurationPlatforms) = postSolution
		{275801D6-B91A-4395-AD0D-B97C23544018}.Debug|Any CPU.ActiveCfg = Debug|Any CPU
		{275801D6-B91A-4395-AD0D-B97C23544018}.Debug|Any CPU.Build.0 = Debug|Any CPU
		{275801D6-B91A-4395-AD0D-B97C23544018}.Release|Any CPU.ActiveCfg = Release|Any CPU
		{275801D6-B91A-4395-AD0D-B97C23544018}.Release|Any CPU.Build.0 = Release|Any CPU
	EndGlobalSection
	GlobalSection(SolutionProperties) = preSolution
		HideSolutionNode = FALSE
	EndGlobalSection
	GlobalSection(ExtensibilityGlobals) = postSolution
		SolutionGuid = {4529195B-72F3-447E-A06C-23CCA6FC305A}
	EndGlobalSection
EndGlobal
